
Microsoft Visual Studio Solution File, Format Version 12.00
# Visual Studio Version 16
VisualStudioVersion = 16.0.31019.35
MinimumVisualStudioVersion = 10.0.40219.1
Project("{FAE04EC0-301F-11D3-BF4B-00C04F79EFBC}") = "DesignPatterns", "DesignPatterns.csproj", "{24F8A00D-23B9-4685-AE25-4E3D540D590D}"
EndProject
Global
	GlobalSection(SolutionConfigurationPlatforms) = preSolution
		Debug|Any CPU = Debug|Any CPU
		Release|Any CPU = Release|Any CPU
	EndGlobalSection
	GlobalSection(ProjectConfigurationPlatforms) = postSolution
		{24F8A00D-23B9-4685-AE25-4E3D540D590D}.Debug|Any CPU.ActiveCfg = Debug|Any CPU
		{24F8A00D-23B9-4685-AE25-4E3D540D590D}.Debug|Any CPU.Build.0 = Debug|Any CPU
		{24F8A00D-23B9-4685-AE25-4E3D540D590D}.Release|Any CPU.ActiveCfg = Release|Any CPU
		{24F8A00D-23B9-4685-AE25-4E3D540D590D}.Release|Any CPU.Build.0 = Release|Any CPU
	EndGlobalSection
	GlobalSection(SolutionProperties) = preSolution
		HideSolutionNode = FALSE
	EndGlobalSection
	GlobalSection(ExtensibilityGlobals) = postSolution
		SolutionGuid = {E297AA00-A204-4772-AF2A-720C88005C9A}
	EndGlobalSection
EndGlobal
